// !$*UTF8*$!
{
	archiveVersion = 1;
	classes = {
	};
	objectVersion = 48;
	objects = {

/* Begin PBXBuildFile section */
		6A33B9FD20AC6669003008AD /* AppDelegate.swift in Sources */ = {isa = PBXBuildFile; fileRef = 6A33B9FC20AC6669003008AD /* AppDelegate.swift */; };
		6A33B9FF20AC6669003008AD /* ViewController.swift in Sources */ = {isa = PBXBuildFile; fileRef = 6A33B9FE20AC6669003008AD /* ViewController.swift */; };
		6A33BA0220AC6669003008AD /* Main.storyboard in Resources */ = {isa = PBXBuildFile; fileRef = 6A33BA0020AC6669003008AD /* Main.storyboard */; };
		6A33BA0420AC6669003008AD /* Assets.xcassets in Resources */ = {isa = PBXBuildFile; fileRef = 6A33BA0320AC6669003008AD /* Assets.xcassets */; };
		6A33BA0720AC6669003008AD /* LaunchScreen.storyboard in Resources */ = {isa = PBXBuildFile; fileRef = 6A33BA0520AC6669003008AD /* LaunchScreen.storyboard */; };
		6A33BA0F20AC66A7003008AD /* Model.swift in Sources */ = {isa = PBXBuildFile; fileRef = 6A33BA0E20AC66A7003008AD /* Model.swift */; };
		6A33BA1220AC66CC003008AD /* FormTableViewCell.swift in Sources */ = {isa = PBXBuildFile; fileRef = 6A33BA1020AC66CC003008AD /* FormTableViewCell.swift */; };
		6A33BA1320AC66CC003008AD /* FormTableViewCell.xib in Resources */ = {isa = PBXBuildFile; fileRef = 6A33BA1120AC66CC003008AD /* FormTableViewCell.xib */; };
		6A34B3CE20AD8114004850DA /* PhotosViewController.swift in Sources */ = {isa = PBXBuildFile; fileRef = 6A34B3CD20AD8114004850DA /* PhotosViewController.swift */; };
		6A34B3D120AD8632004850DA /* PhotosCollectionViewCell.swift in Sources */ = {isa = PBXBuildFile; fileRef = 6A34B3CF20AD8632004850DA /* PhotosCollectionViewCell.swift */; };
		6A34B3D220AD8632004850DA /* PhotosCollectionViewCell.xib in Resources */ = {isa = PBXBuildFile; fileRef = 6A34B3D020AD8632004850DA /* PhotosCollectionViewCell.xib */; };
/* End PBXBuildFile section */

/* Begin PBXFileReference section */
		6A33B9F920AC6669003008AD /* TableForm.app */ = {isa = PBXFileReference; explicitFileType = wrapper.application; includeInIndex = 0; path = TableForm.app; sourceTree = BUILT_PRODUCTS_DIR; };
		6A33B9FC20AC6669003008AD /* AppDelegate.swift */ = {isa = PBXFileReference; lastKnownFileType = sourcecode.swift; path = AppDelegate.swift; sourceTree = "<group>"; };
		6A33B9FE20AC6669003008AD /* ViewController.swift */ = {isa = PBXFileReference; lastKnownFileType = sourcecode.swift; path = ViewController.swift; sourceTree = "<group>"; };
		6A33BA0120AC6669003008AD /* Base */ = {isa = PBXFileReference; lastKnownFileType = file.storyboard; name = Base; path = Base.lproj/Main.storyboard; sourceTree = "<group>"; };
		6A33BA0320AC6669003008AD /* Assets.xcassets */ = {isa = PBXFileReference; lastKnownFileType = folder.assetcatalog; path = Assets.xcassets; sourceTree = "<group>"; };
		6A33BA0620AC6669003008AD /* Base */ = {isa = PBXFileReference; lastKnownFileType = file.storyboard; name = Base; path = Base.lproj/LaunchScreen.storyboard; sourceTree = "<group>"; };
		6A33BA0820AC6669003008AD /* Info.plist */ = {isa = PBXFileReference; lastKnownFileType = text.plist.xml; path = Info.plist; sourceTree = "<group>"; };
		6A33BA0E20AC66A7003008AD /* Model.swift */ = {isa = PBXFileReference; lastKnownFileType = sourcecode.swift; path = Model.swift; sourceTree = "<group>"; };
		6A33BA1020AC66CC003008AD /* FormTableViewCell.swift */ = {isa = PBXFileReference; lastKnownFileType = sourcecode.swift; path = FormTableViewCell.swift; sourceTree = "<group>"; };
		6A33BA1120AC66CC003008AD /* FormTableViewCell.xib */ = {isa = PBXFileReference; lastKnownFileType = file.xib; path = FormTableViewCell.xib; sourceTree = "<group>"; };
		6A34B3CD20AD8114004850DA /* PhotosViewController.swift */ = {isa = PBXFileReference; lastKnownFileType = sourcecode.swift; path = PhotosViewController.swift; sourceTree = "<group>"; };
		6A34B3CF20AD8632004850DA /* PhotosCollectionViewCell.swift */ = {isa = PBXFileReference; lastKnownFileType = sourcecode.swift; path = PhotosCollectionViewCell.swift; sourceTree = "<group>"; };
		6A34B3D020AD8632004850DA /* PhotosCollectionViewCell.xib */ = {isa = PBXFileReference; lastKnownFileType = file.xib; path = PhotosCollectionViewCell.xib; sourceTree = "<group>"; };
/* End PBXFileReference section */

/* Begin PBXFrameworksBuildPhase section */
		6A33B9F620AC6669003008AD /* Frameworks */ = {
			isa = PBXFrameworksBuildPhase;
			buildActionMask = 2147483647;
			files = (
			);
			runOnlyForDeploymentPostprocessing = 0;
		};
/* End PBXFrameworksBuildPhase section */

/* Begin PBXGroup section */
		6A33B9F020AC6669003008AD = {
			isa = PBXGroup;
			children = (
				6A33B9FB20AC6669003008AD /* TableForm */,
				6A33B9FA20AC6669003008AD /* Products */,
			);
			sourceTree = "<group>";
		};
		6A33B9FA20AC6669003008AD /* Products */ = {
			isa = PBXGroup;
			children = (
				6A33B9F920AC6669003008AD /* TableForm.app */,
			);
			name = Products;
			sourceTree = "<group>";
		};
		6A33B9FB20AC6669003008AD /* TableForm */ = {
			isa = PBXGroup;
			children = (
				6A33B9FC20AC6669003008AD /* AppDelegate.swift */,
				6A33B9FE20AC6669003008AD /* ViewController.swift */,
				6A33BA0020AC6669003008AD /* Main.storyboard */,
				6A33BA0320AC6669003008AD /* Assets.xcassets */,
				6A33BA0520AC6669003008AD /* LaunchScreen.storyboard */,
				6A33BA0820AC6669003008AD /* Info.plist */,
				6A33BA0E20AC66A7003008AD /* Model.swift */,
				6A33BA1020AC66CC003008AD /* FormTableViewCell.swift */,
				6A33BA1120AC66CC003008AD /* FormTableViewCell.xib */,
				6A34B3CD20AD8114004850DA /* PhotosViewController.swift */,
				6A34B3CF20AD8632004850DA /* PhotosCollectionViewCell.swift */,
				6A34B3D020AD8632004850DA /* PhotosCollectionViewCell.xib */,
			);
			path = TableForm;
			sourceTree = "<group>";
		};
/* End PBXGroup section */

/* Begin PBXNativeTarget section */
		6A33B9F820AC6669003008AD /* TableForm */ = {
			isa = PBXNativeTarget;
			buildConfigurationList = 6A33BA0B20AC6669003008AD /* Build configuration list for PBXNativeTarget "TableForm" */;
			buildPhases = (
				6A33B9F520AC6669003008AD /* Sources */,
				6A33B9F620AC6669003008AD /* Frameworks */,
				6A33B9F720AC6669003008AD /* Resources */,
			);
			buildRules = (
			);
			dependencies = (
			);
			name = TableForm;
			productName = TableForm;
			productReference = 6A33B9F920AC6669003008AD /* TableForm.app */;
			productType = "com.apple.product-type.application";
		};
/* End PBXNativeTarget section */

/* Begin PBXProject section */
		6A33B9F120AC6669003008AD /* Project object */ = {
			isa = PBXProject;
			attributes = {
				LastSwiftUpdateCheck = 0920;
				LastUpgradeCheck = 0920;
				ORGANIZATIONNAME = "Deepak Kumar";
				TargetAttributes = {
					6A33B9F820AC6669003008AD = {
						CreatedOnToolsVersion = 9.2;
						ProvisioningStyle = Automatic;
					};
				};
			};
			buildConfigurationList = 6A33B9F420AC6669003008AD /* Build configuration list for PBXProject "TableForm" */;
			compatibilityVersion = "Xcode 8.0";
			developmentRegion = en;
			hasScannedForEncodings = 0;
			knownRegions = (
				en,
				Base,
			);
			mainGroup = 6A33B9F020AC6669003008AD;
			productRefGroup = 6A33B9FA20AC6669003008AD /* Products */;
			projectDirPath = "";
			projectRoot = "";
			targets = (
				6A33B9F820AC6669003008AD /* TableForm */,
			);
		};
/* End PBXProject section */

/* Begin PBXResourcesBuildPhase section */
		6A33B9F720AC6669003008AD /* Resources */ = {
			isa = PBXResourcesBuildPhase;
			buildActionMask = 2147483647;
			files = (
				6A33BA0720AC6669003008AD /* LaunchScreen.storyboard in Resources */,
				6A34B3D220AD8632004850DA /* PhotosCollectionViewCell.xib in Resources */,
				6A33BA1320AC66CC003008AD /* FormTableViewCell.xib in Resources */,
				6A33BA0420AC6669003008AD /* Assets.xcassets in Resources */,
				6A33BA0220AC6669003008AD /* Main.storyboard in Resources */,
			);
			runOnlyForDeploymentPostprocessing = 0;
		};
/* End PBXResourcesBuildPhase section */

/* Begin PBXSourcesBuildPhase section */
		6A33B9F520AC6669003008AD /* Sources */ = {
			isa = PBXSourcesBuildPhase;
			buildActionMask = 2147483647;
			files = (
				6A33BA0F20AC66A7003008AD /* Model.swift in Sources */,
				6A33BA1220AC66CC003008AD /* FormTableViewCell.swift in Sources */,
				6A33B9FF20AC6669003008AD /* ViewController.swift in Sources */,
				6A33B9FD20AC6669003008AD /* AppDelegate.swift in Sources */,
				6A34B3CE20AD8114004850DA /* PhotosViewController.swift in Sources */,
				6A34B3D120AD8632004850DA /* PhotosCollectionViewCell.swift in Sources */,
			);
			runOnlyForDeploymentPostprocessing = 0;
		};
/* End PBXSourcesBuildPhase section */

/* Begin PBXVariantGroup section */
		6A33BA0020AC6669003008AD /* Main.storyboard */ = {
			isa = PBXVariantGroup;
			children = (
				6A33BA0120AC6669003008AD /* Base */,
			);
			name = Main.storyboard;
			sourceTree = "<group>";
		};
		6A33BA0520AC6669003008AD /* LaunchScreen.storyboard */ = {
			isa = PBXVariantGroup;
			children = (
				6A33BA0620AC6669003008AD /* Base */,
			);
			name = LaunchScreen.storyboard;
			sourceTree = "<group>";
		};
/* End PBXVariantGroup section */

/* Begin XCBuildConfiguration section */
		6A33BA0920AC6669003008AD /* Debug */ = {
			isa = XCBuildConfiguration;
			buildSettings = {
				ALWAYS_SEARCH_USER_PATHS = NO;
				CLANG_ANALYZER_NONNULL = YES;
				CLANG_ANALYZER_NUMBER_OBJECT_CONVERSION = YES_AGGRESSIVE;
				CLANG_CXX_LANGUAGE_STANDARD = "gnu++14";
				CLANG_CXX_LIBRARY = "libc++";
				CLANG_ENABLE_MODULES = YES;
				CLANG_ENABLE_OBJC_ARC = YES;
				CLANG_WARN_BLOCK_CAPTURE_AUTORELEASING = YES;
				CLANG_WARN_BOOL_CONVERSION = YES;
				CLANG_WARN_COMMA = YES;
				CLANG_WARN_CONSTANT_CONVERSION = YES;
				CLANG_WARN_DIRECT_OBJC_ISA_USAGE = YES_ERROR;
				CLANG_WARN_DOCUMENTATION_COMMENTS = YES;
				CLANG_WARN_EMPTY_BODY = YES;
				CLANG_WARN_ENUM_CONVERSION = YES;
				CLANG_WARN_INFINITE_RECURSION = YES;
				CLANG_WARN_INT_CONVERSION = YES;
				CLANG_WARN_NON_LITERAL_NULL_CONVERSION = YES;
				CLANG_WARN_OBJC_LITERAL_CONVERSION = YES;
				CLANG_WARN_OBJC_ROOT_CLASS = YES_ERROR;
				CLANG_WARN_RANGE_LOOP_ANALYSIS = YES;
				CLANG_WARN_STRICT_PROTOTYPES = YES;
				CLANG_WARN_SUSPICIOUS_MOVE = YES;
				CLANG_WARN_UNGUARDED_AVAILABILITY = YES_AGGRESSIVE;
				CLANG_WARN_UNREACHABLE_CODE = YES;
				CLANG_WARN__DUPLICATE_METHOD_MATCH = YES;
				CODE_SIGN_IDENTITY = "iPhone Developer";
				COPY_PHASE_STRIP = NO;
				DEBUG_INFORMATION_FORMAT = dwarf;
				ENABLE_STRICT_OBJC_MSGSEND = YES;
				ENABLE_TESTABILITY = YES;
				GCC_C_LANGUAGE_STANDARD = gnu11;
				GCC_DYNAMIC_NO_PIC = NO;
				GCC_NO_COMMON_BLOCKS = YES;
				GCC_OPTIMIZATION_LEVEL = 0;
				GCC_PREPROCESSOR_DEFINITIONS = (
					"DEBUG=1",
					"$(inherited)",
				);
				GCC_WARN_64_TO_32_BIT_CONVERSION = YES;
				GCC_WARN_ABOUT_RETURN_TYPE = YES_ERROR;
				GCC_WARN_UNDECLARED_SELECTOR = YES;
				GCC_WARN_UNINITIALIZED_AUTOS = YES_AGGRESSIVE;
				GCC_WARN_UNUSED_FUNCTION = YES;
				GCC_WARN_UNUSED_VARIABLE = YES;
				IPHONEOS_DEPLOYMENT_TARGET = 11.2;
				MTL_ENABLE_DEBUG_INFO = YES;
				ONLY_ACTIVE_ARCH = YES;
				SDKROOT = iphoneos;
				SWIFT_ACTIVE_COMPILATION_CONDITIONS = DEBUG;
				SWIFT_OPTIMIZATION_LEVEL = "-Onone";
			};
			name = Debug;
		};
		6A33BA0A20AC6669003008AD /* Release */ = {
			isa = XCBuildConfiguration;
			buildSettings = {
				ALWAYS_SEARCH_USER_PATHS = NO;
				CLANG_ANALYZER_NONNULL = YES;
				CLANG_ANALYZER_NUMBER_OBJECT_CONVERSION = YES_AGGRESSIVE;
				CLANG_CXX_LANGUAGE_STANDARD = "gnu++14";
				CLANG_CXX_LIBRARY = "libc++";
				CLANG_ENABLE_MODULES = YES;
				CLANG_ENABLE_OBJC_ARC = YES;
				CLANG_WARN_BLOCK_CAPTURE_AUTORELEASING = YES;
				CLANG_WARN_BOOL_CONVERSION = YES;
				CLANG_WARN_COMMA = YES;
				CLANG_WARN_CONSTANT_CONVERSION = YES;
				CLANG_WARN_DIRECT_OBJC_ISA_USAGE = YES_ERROR;
				CLANG_WARN_DOCUMENTATION_COMMENTS = YES;
				CLANG_WARN_EMPTY_BODY = YES;
				CLANG_WARN_ENUM_CONVERSION = YES;
				CLANG_WARN_INFINITE_RECURSION = YES;
				CLANG_WARN_INT_CONVERSION = YES;
				CLANG_WARN_NON_LITERAL_NULL_CONVERSION = YES;
				CLANG_WARN_OBJC_LITERAL_CONVERSION = YES;
				CLANG_WARN_OBJC_ROOT_CLASS = YES_ERROR;
				CLANG_WARN_RANGE_LOOP_ANALYSIS = YES;
				CLANG_WARN_STRICT_PROTOTYPES = YES;
				CLANG_WARN_SUSPICIOUS_MOVE = YES;
				CLANG_WARN_UNGUARDED_AVAILABILITY = YES_AGGRESSIVE;
				CLANG_WARN_UNREACHABLE_CODE = YES;
				CLANG_WARN__DUPLICATE_METHOD_MATCH = YES;
				CODE_SIGN_IDENTITY = "iPhone Developer";
				COPY_PHASE_STRIP = NO;
				DEBUG_INFORMATION_FORMAT = "dwarf-with-dsym";
				ENABLE_NS_ASSERTIONS = NO;
				ENABLE_STRICT_OBJC_MSGSEND = YES;
				GCC_C_LANGUAGE_STANDARD = gnu11;
				GCC_NO_COMMON_BLOCKS = YES;
				GCC_WARN_64_TO_32_BIT_CONVERSION = YES;
				GCC_WARN_ABOUT_RETURN_TYPE = YES_ERROR;
				GCC_WARN_UNDECLARED_SELECTOR = YES;
				GCC_WARN_UNINITIALIZED_AUTOS = YES_AGGRESSIVE;
				GCC_WARN_UNUSED_FUNCTION = YES;
				GCC_WARN_UNUSED_VARIABLE = YES;
				IPHONEOS_DEPLOYMENT_TARGET = 11.2;
				MTL_ENABLE_DEBUG_INFO = NO;
				SDKROOT = iphoneos;
				SWIFT_OPTIMIZATION_LEVEL = "-Owholemodule";
				VALIDATE_PRODUCT = YES;
			};
			name = Release;
		};
		6A33BA0C20AC6669003008AD /* Debug */ = {
			isa = XCBuildConfiguration;
			buildSettings = {
				ASSETCATALOG_COMPILER_APPICON_NAME = AppIcon;
				CODE_SIGN_STYLE = Automatic;
				INFOPLIST_FILE = TableForm/Info.plist;
				LD_RUNPATH_SEARCH_PATHS = "$(inherited) @executable_path/Frameworks";
				PRODUCT_BUNDLE_IDENTIFIER = com.techaheadcorp.TableForm;
				PRODUCT_NAME = "$(TARGET_NAME)";
				SWIFT_VERSION = 4.0;
				TARGETED_DEVICE_FAMILY = "1,2";
			};
			name = Debug;
		};
		6A33BA0D20AC6669003008AD /* Release */ = {
			isa = XCBuildConfiguration;
			buildSettings = {
				ASSETCATALOG_COMPILER_APPICON_NAME = AppIcon;
				CODE_SIGN_STYLE = Automatic;
				INFOPLIST_FILE = TableForm/Info.plist;
				LD_RUNPATH_SEARCH_PATHS = "$(inherited) @executable_path/Frameworks";
				PRODUCT_BUNDLE_IDENTIFIER = com.techaheadcorp.TableForm;
				PRODUCT_NAME = "$(TARGET_NAME)";
				SWIFT_VERSION = 4.0;
				TARGETED_DEVICE_FAMILY = "1,2";
			};
			name = Release;
		};
/* End XCBuildConfiguration section */

/* Begin XCConfigurationList section */
		6A33B9F420AC6669003008AD /* Build configuration list for PBXProject "TableForm" */ = {
			isa = XCConfigurationList;
			buildConfigurations = (
				6A33BA0920AC6669003008AD /* Debug */,
				6A33BA0A20AC6669003008AD /* Release */,
			);
			defaultConfigurationIsVisible = 0;
			defaultConfigurationName = Release;
		};
		6A33BA0B20AC6669003008AD /* Build configuration list for PBXNativeTarget "TableForm" */ = {
			isa = XCConfigurationList;
			buildConfigurations = (
				6A33BA0C20AC6669003008AD /* Debug */,
				6A33BA0D20AC6669003008AD /* Release */,
			);
			defaultConfigurationIsVisible = 0;
			defaultConfigurationName = Release;
		};
/* End XCConfigurationList section */
	};
	rootObject = 6A33B9F120AC6669003008AD /* Project object */;
}
